-- deps.lock — generated by cdeps. Do not edit by hand.
return {
  embedc = {
    commit = "54400ba1d6f7f6d8aaefbb791c58d20f836b3b9f",
    dest = ".",
    files = {
      {
        path = "CMakeLists.txt",
        sha256 = "a20f75773546408a27c73fe4089bf685e6926a9fc128ca6cf6998970c7c5ca62",
      },
      {
        path = "embedc.c",
        sha256 = "b988c2de693522518e94e51946371b01febbb8a10d16188cf05d679f28e40fad",
      },
    },
    spec_files = {
      "tool/embedc/embedc.c",
      "tool/embedc/CMakeLists.txt",
    },
    url = "https://github.com/timwmillard/cbase.git",
  },
  lockfile_version = 1,
  lua = {
    archive_sha256 = "57ccc32bbbd005cab75bcc52444052535af691789dba2b9016d5c50640d68b3d",
    dest = "deps/lua",
    files = {
      {
        path = "deps/lua/Makefile",
        sha256 = "9cdbc31d9b10ca51111b9156ddf476df4c35c35ba4545299ddbcf513ff916f7c",
      },
      {
        path = "deps/lua/README",
        sha256 = "4f348255e53a37acf3b294b253f1560a57eec26283061d19bac50fcd1a51e353",
      },
      {
        path = "deps/lua/doc/OSIApproved.png",
        sha256 = "dedd5ae56398fb0829e768b944656cd3ce6d2f5d55e5a282eca7602b8d5488b6",
      },
      {
        path = "deps/lua/doc/contents.html",
        sha256 = "01f37e9aeca068362cf314c189ca7e7f352a0ae0d69ea84f15a258dd3642ef6c",
      },
      {
        path = "deps/lua/doc/index.css",
        sha256 = "b6ef324ca66e9ffdafa9e5b5a1478a548aa20f3a23f264eb1bed6d21c1c7d039",
      },
      {
        path = "deps/lua/doc/logo.png",
        sha256 = "de4ca280a5561940ace4b1a72dc5bc1d96ac154e59c7ae32d98ddcde010baeaa",
      },
      {
        path = "deps/lua/doc/lua.1",
        sha256 = "070de30bbac451a0d93ba1d2754d4bc192268b643051fbf33b018d3dedcc58fd",
      },
      {
        path = "deps/lua/doc/lua.css",
        sha256 = "73e7e5fa61afec5f04f5e43ad5c8348620abc41b8e4671631300b5defe3f2826",
      },
      {
        path = "deps/lua/doc/luac.1",
        sha256 = "ac60e6992db478539dff611beed7ad01f52622c897657a9152165470039b0494",
      },
      {
        path = "deps/lua/doc/manual.css",
        sha256 = "759bbd5b1935c43cc9ed427c9facd5fe259c5033a4ce0c05225175c36b07bb8c",
      },
      {
        path = "deps/lua/doc/manual.html",
        sha256 = "f24e87c25e15bff5c3bc76abed5129d3ce6d3457710f561ff561363d0104d3a2",
      },
      {
        path = "deps/lua/doc/readme.html",
        sha256 = "c2479527b7249182dc5598562049a1dc4d8245f3f22412b7fedd847a1cd35f26",
      },
      {
        path = "deps/lua/src/Makefile",
        sha256 = "635304b5286cef6082c8b78e25da3da95652322a80f474e23e94d1f17dbada32",
      },
      {
        path = "deps/lua/src/lapi.c",
        sha256 = "c6008b4651f6cebaa5dc73b6ca5f7cc9bf4511da454630fa0b095926fa478063",
      },
      {
        path = "deps/lua/src/lapi.h",
        sha256 = "f3780df32449b84c4b8c4e2f8ac780d45b50c190b4965c329842d5f216ad4dcb",
      },
      {
        path = "deps/lua/src/lauxlib.c",
        sha256 = "3eca29261a0ca92b558e5c4e848a7f073b911270f23c0a96c6853ae92a145914",
      },
      {
        path = "deps/lua/src/lauxlib.h",
        sha256 = "3e40da989faa51c2e2e5cb1722893b48c6cbe971c7c7ba4e8d86ed384ea4ae93",
      },
      {
        path = "deps/lua/src/lbaselib.c",
        sha256 = "467d4af997e5ea3b9ba8069806b10cc9d0179bd5a435ecc3d8bc1642d9f9d0d0",
      },
      {
        path = "deps/lua/src/lcode.c",
        sha256 = "30e43f2e31fca25cafaee5fd54b874a56352b81c2c0d3ed723a26c96a35dfa4e",
      },
      {
        path = "deps/lua/src/lcode.h",
        sha256 = "c5804ed0ce52cd2034cda9fcca256cc56333ec9954023b233da5a0ea533ce2e6",
      },
      {
        path = "deps/lua/src/lcorolib.c",
        sha256 = "14ab32084fafe825b6dca8c2d69fbbfd68e6a5c442acf4b18cc78f9dc15a820a",
      },
      {
        path = "deps/lua/src/lctype.c",
        sha256 = "2b8e4894b6cff2afc111c1c996de4b78b4db2cf0c83d485d396806baa9e5b28b",
      },
      {
        path = "deps/lua/src/lctype.h",
        sha256 = "c800311872ecba642f6d013b290eda83ba6cd8df8061e25cdca1dd4adcbed8b5",
      },
      {
        path = "deps/lua/src/ldblib.c",
        sha256 = "fd52875f3bae7c7d0fd29b98654aa0dc28c46f439c9dc9433c20721a02d7a967",
      },
      {
        path = "deps/lua/src/ldebug.c",
        sha256 = "3c5262607141020f4025ac66cf8ee5a45a47b06f4a50d6767294f64c63503ff9",
      },
      {
        path = "deps/lua/src/ldebug.h",
        sha256 = "29e0a057ea98a7921d30d32b12ff82b4988848ee5a1163e8e3dd702583b5d2d2",
      },
      {
        path = "deps/lua/src/ldo.c",
        sha256 = "0d9a3761cf289193be0aa1039dcd7d818d325994924d22ff5433c50d276f5096",
      },
      {
        path = "deps/lua/src/ldo.h",
        sha256 = "cd196ca94064b7be5cccf4dbb1f3a4c54316a68e2027998dd7876cd41e080aec",
      },
      {
        path = "deps/lua/src/ldump.c",
        sha256 = "8571aa21018d50033e32ad2ee28ecf28db303125d472a8fdf6bb9bc57335d978",
      },
      {
        path = "deps/lua/src/lfunc.c",
        sha256 = "033d3511a16e3c0947a69c12d47f54a7d48acf41060355e72779f6459c7f75f3",
      },
      {
        path = "deps/lua/src/lfunc.h",
        sha256 = "cfa1e9c22b0bb68098fbee66ed266de25f62d033bba9668d4618b9ee667c673e",
      },
      {
        path = "deps/lua/src/lgc.c",
        sha256 = "831af60f7305e979951dc0466af55954c48cb4ff47fa541ca5ef84adf28e59f8",
      },
      {
        path = "deps/lua/src/lgc.h",
        sha256 = "cfc9ab1a6e1419793f1a2bcfc78b095781c024564dd6b6b5100a95015d507b7d",
      },
      {
        path = "deps/lua/src/linit.c",
        sha256 = "76225baba77ef9abfc8e06919cb83e34b7c6f65292a200bffa95513782984696",
      },
      {
        path = "deps/lua/src/liolib.c",
        sha256 = "7e941581f34a8443e4ffbe690e9ee68332c7431a3a27e1d35b2312437459241c",
      },
      {
        path = "deps/lua/src/ljumptab.h",
        sha256 = "8acb9bb44752da9bb9e9923fc890416574ac2763b6631baccbdc8b1817133413",
      },
      {
        path = "deps/lua/src/llex.c",
        sha256 = "76b5150cae3067c8999188a739c97090e4dcc14a7463dba8fa5be8cca803b90f",
      },
      {
        path = "deps/lua/src/llex.h",
        sha256 = "b40436d5a40165a4f7a4bd7a89dbac542fd6213a3a0c094646f4184b41eed36c",
      },
      {
        path = "deps/lua/src/llimits.h",
        sha256 = "0f3551d01585b606efb7e2555a22a64da713ff5a5b311f71094f6b364d39bd21",
      },
      {
        path = "deps/lua/src/lmathlib.c",
        sha256 = "27336bfd629d7472dc6e0807a805483e2c8e30828257465e4f466559de7f6e4b",
      },
      {
        path = "deps/lua/src/lmem.c",
        sha256 = "7a63908f22ac826f3eb6826bd106d4eed40a7df749da8a87c06713e980fad099",
      },
      {
        path = "deps/lua/src/lmem.h",
        sha256 = "02656822c7d11b096ebcf718e061a57b108f7bf80ec4eaa4094191d6e30809af",
      },
      {
        path = "deps/lua/src/loadlib.c",
        sha256 = "a24dffd03e2e30e3ca11f9b23daa4f73670f7171473a3523f23403a9f0e289a9",
      },
      {
        path = "deps/lua/src/lobject.c",
        sha256 = "c5bb25d52e84294289b34ed20f1004fa6ed9bf9a5012ccb81c67eba43163a48b",
      },
      {
        path = "deps/lua/src/lobject.h",
        sha256 = "9ec01b02ebb0f2c87a62ffd413d548b626ef29aa39395c198d608bb7d77fdcca",
      },
      {
        path = "deps/lua/src/lopcodes.c",
        sha256 = "8489428404abb0ccb13437af87db0ed71eab46f0ec777a0143420d1bb3253f9f",
      },
      {
        path = "deps/lua/src/lopcodes.h",
        sha256 = "0addfd9ad1eade45325ae872fff34e49a0db12b2b1a8be2d3c7c25ff3d73f7ed",
      },
      {
        path = "deps/lua/src/lopnames.h",
        sha256 = "1e6c0113507fbcae4255281cce5bf32b589be49fd90d4a3dd3c31d15bb68d0eb",
      },
      {
        path = "deps/lua/src/loslib.c",
        sha256 = "3ed70ea013b0c7a5a758db435f76fe5a99e87f07ea02ed19b2012fb728f8aa13",
      },
      {
        path = "deps/lua/src/lparser.c",
        sha256 = "a154911975899df910b646bac88b718af93e0618719673f65c606e4e88124f28",
      },
      {
        path = "deps/lua/src/lparser.h",
        sha256 = "f676e8a454403030070aa307b7fe7b8aa2c1a9e28cb32b6ac5852c88369edebb",
      },
      {
        path = "deps/lua/src/lprefix.h",
        sha256 = "626785d4eda75e9435f0ac21a780ae3b11f8b27dc36934e637a5c2305f906531",
      },
      {
        path = "deps/lua/src/lstate.c",
        sha256 = "62b880b2300a4a0e07a38e2979692280d22b14b4797caeac6a9358b52f1b4933",
      },
      {
        path = "deps/lua/src/lstate.h",
        sha256 = "1eea5fdad3f454d2ef7be79f87908f2f81f31d09e0a43557336358dab5ac0fb6",
      },
      {
        path = "deps/lua/src/lstring.c",
        sha256 = "440700ccb68929ae30339b0837c5e8063e53760a6ce65dca281d9d8e8ffde559",
      },
      {
        path = "deps/lua/src/lstring.h",
        sha256 = "11174f9fb1a140afb2bad7b44471add3d143eb4fa6f249614fd5958211831f9b",
      },
      {
        path = "deps/lua/src/lstrlib.c",
        sha256 = "8faf2b9b9f1c7b3e3924d6d1a5cf2866d99dc71baba9611270edf13dea49fefd",
      },
      {
        path = "deps/lua/src/ltable.c",
        sha256 = "c1ccb270ad24ddc1233a1af2caaa06aead8bdba0bfbadfe3b8ab7ca3ee9d0f7d",
      },
      {
        path = "deps/lua/src/ltable.h",
        sha256 = "d7d9b827572f379f13d928ec805b8f11b9a93762b8a258cf7aacb14f1e208f4b",
      },
      {
        path = "deps/lua/src/ltablib.c",
        sha256 = "32cdc455995a61a6fbf32f691f939e442df0c715b9b04df10d43e0fc2194397e",
      },
      {
        path = "deps/lua/src/ltm.c",
        sha256 = "7ecbf7a03c686f9368425a952a3cbe8a0c6d286fbc0864ddf4a06a0182467c86",
      },
      {
        path = "deps/lua/src/ltm.h",
        sha256 = "83c960b797267b841a5c10aa7b81c2bd7fa779da96752e715c55641b403cb1da",
      },
      {
        path = "deps/lua/src/lua.c",
        sha256 = "9d782a4cc65297c8ab5b82f818ee6013925f41575e24cf2f7e1cab4524a380f9",
      },
      {
        path = "deps/lua/src/lua.h",
        sha256 = "81612b78187217a770b1834e09726ad5eb27999621df1805f6b361109ca26420",
      },
      {
        path = "deps/lua/src/lua.hpp",
        sha256 = "6623b8596b2689d85734a233596c591b34e814fccd4776da0a20f5b8d3e23ee7",
      },
      {
        path = "deps/lua/src/luac.c",
        sha256 = "53df5c02cfe8f6f347d02a355e3c3a5378998b1e2999fda40fcd0f80ea33dbd6",
      },
      {
        path = "deps/lua/src/luaconf.h",
        sha256 = "67c8bb03aa47c510d759a6c0e293d7e21c4002363903fe27e5a60203d72645b2",
      },
      {
        path = "deps/lua/src/lualib.h",
        sha256 = "ca847f045256db26a03a654c60ca4db567fc63a54679bba4233114f0c3d532d1",
      },
      {
        path = "deps/lua/src/lundump.c",
        sha256 = "40eedaa9268ee45c823e52a0e271aa69a988e30c08b76a48476419a21f215873",
      },
      {
        path = "deps/lua/src/lundump.h",
        sha256 = "818cba0e80fd650c53ac7a2e60374820413874173f5f6a1dcf107c0cd9fb4ce7",
      },
      {
        path = "deps/lua/src/lutf8lib.c",
        sha256 = "ffb1b9a2f823dd04d26b7168bb0e548e72db826adb671b941026dfb1f7b3a9ca",
      },
      {
        path = "deps/lua/src/lvm.c",
        sha256 = "1de85a10d5bb664e0451f1086a06f0619ae0569c7d0a990b9c0509f6359c9d26",
      },
      {
        path = "deps/lua/src/lvm.h",
        sha256 = "9a8f5f3189ee4835a0e12bca3023315fa373c161a77812ce92cdea90a92d4a17",
      },
      {
        path = "deps/lua/src/lzio.c",
        sha256 = "9495c7396d04a857e4e6ae917a72ab6906855d30f7dc851527a87cc16d01fcc1",
      },
      {
        path = "deps/lua/src/lzio.h",
        sha256 = "e9be4389ffa2936e462bc39e11de0341c5b14a99ee83f7f5e1683c52c9c2d675",
      },
    },
    url = "https://www.lua.org/ftp/lua-5.5.0.tar.gz",
  },
}
